
Microsoft Visual Studio Solution File, Format Version 12.00
# Visual Studio 15
VisualStudioVersion = 15.0.27004.2009
MinimumVisualStudioVersion = 10.0.40219.1
Project("{8BC9CEB8-8B4A-11D0-8D11-00A0C91BC942}") = "CourseworkProgramming1", "CourseworkProgramming1\CourseworkProgramming1.vcxproj", "{0C978F44-DC9F-4E42-B27C-5AA85AC95EE3}"
EndProject
Global
	GlobalSection(SolutionConfigurationPlatforms) = preSolution
		Debug|x64 = Debug|x64
		Debug|x86 = Debug|x86
		Release|x64 = Release|x64
		Release|x86 = Release|x86
	EndGlobalSection
	GlobalSection(ProjectConfigurationPlatforms) = postSolution
		{0C978F44-DC9F-4E42-B27C-5AA85AC95EE3}.Debug|x64.ActiveCfg = Debug|x64
		{0C978F44-DC9F-4E42-B27C-5AA85AC95EE3}.Debug|x64.Build.0 = Debug|x64
		{0C978F44-DC9F-4E42-B27C-5AA85AC95EE3}.Debug|x86.ActiveCfg = Debug|Win32
		{0C978F44-DC9F-4E42-B27C-5AA85AC95EE3}.Debug|x86.Build.0 = Debug|Win32
		{0C978F44-DC9F-4E42-B27C-5AA85AC95EE3}.Release|x64.ActiveCfg = Release|x64
		{0C978F44-DC9F-4E42-B27C-5AA85AC95EE3}.Release|x64.Build.0 = Release|x64
		{0C978F44-DC9F-4E42-B27C-5AA85AC95EE3}.Release|x86.ActiveCfg = Release|Win32
		{0C978F44-DC9F-4E42-B27C-5AA85AC95EE3}.Release|x86.Build.0 = Release|Win32
	EndGlobalSection
	GlobalSection(SolutionProperties) = preSolution
		HideSolutionNode = FALSE
	EndGlobalSection
	GlobalSection(ExtensibilityGlobals) = postSolution
		SolutionGuid = {EE36EA1E-A7CC-43DB-A655-D358FD0D1E29}
	EndGlobalSection
EndGlobal
